
Microsoft Visual Studio Solution File, Format Version 12.00
# Visual Studio Version 16
VisualStudioVersion = 25.0.1706.12
MinimumVisualStudioVersion = 10.0.40219.1
Project("{FAE04EC0-301F-11D3-BF4B-00C04F79EFBC}") = "MainProject", "MainProject\MainProject.csproj", "{2C6552FD-7768-470D-8B2A-445A74561A80}"
EndProject
Global
	GlobalSection(SolutionConfigurationPlatforms) = preSolution
		Debug|Any CPU = Debug|Any CPU
		Release|Any CPU = Release|Any CPU
	EndGlobalSection
	GlobalSection(ProjectConfigurationPlatforms) = postSolution
		{2C6552FD-7768-470D-8B2A-445A74561A80}.Debug|Any CPU.ActiveCfg = Debug|Any CPU
		{2C6552FD-7768-470D-8B2A-445A74561A80}.Debug|Any CPU.Build.0 = Debug|Any CPU
		{2C6552FD-7768-470D-8B2A-445A74561A80}.Release|Any CPU.ActiveCfg = Release|Any CPU
		{2C6552FD-7768-470D-8B2A-445A74561A80}.Release|Any CPU.Build.0 = Release|Any CPU
	EndGlobalSection
	GlobalSection(SolutionProperties) = preSolution
		HideSolutionNode = FALSE
	EndGlobalSection
	GlobalSection(ExtensibilityGlobals) = postSolution
		SolutionGuid = {926A665B-294D-45C4-8BE0-266DF7919EB4}
	EndGlobalSection
EndGlobal
